PODS:
  - CalculatorPodsSDK (1.0.0):
    - CalculatorPodsSDK/CalculatorSDKHeader (= 1.0.0)
  - CalculatorPodsSDK/CalculatorSDKHeader (1.0.0)

DEPENDENCIES:
  - CalculatorPodsSDK (from `../`)

EXTERNAL SOURCES:
  CalculatorPodsSDK:
    :path: "../"

SPEC CHECKSUMS:
  CalculatorPodsSDK: 55085e3002fc800ef69b94b62e83dcfe792621ed

PODFILE CHECKSUM: 031f97ee606bb1bbe217e84c423b759aa8ded19e

COCOAPODS: 1.8.4
