PODS:
  - CalculatorPodsSDK (1.0.1):
    - CalculatorPodsSDK/CalculatorSDKHeader (= 1.0.1)
  - CalculatorPodsSDK/CalculatorSDKHeader (1.0.1)

DEPENDENCIES:
  - CalculatorPodsSDK (from `../`)

EXTERNAL SOURCES:
  CalculatorPodsSDK:
    :path: "../"

SPEC CHECKSUMS:
  CalculatorPodsSDK: 526ba494bd5ae80dba3d646abac95678a38a68b4

PODFILE CHECKSUM: 031f97ee606bb1bbe217e84c423b759aa8ded19e

COCOAPODS: 1.8.4
